<Solution>
  <Project Path="HouseKeeper.Api/HouseKeeper.Api.csproj" />
  <Project Path="HouseKeeper.Application/HouseKeeper.Application.csproj" />
  <Project Path="HouseKeeper.Domain/HouseKeeper.Domain.csproj" />
  <Project Path="HouseKeeper.Infrastructure/HouseKeeper.Infrastructure.csproj" />
</Solution>
